
Microsoft Visual Studio Solution File, Format Version 12.00
# Visual Studio Version 17
VisualStudioVersion = 17.7.34031.279
MinimumVisualStudioVersion = 10.0.40219.1
Project("{FAE04EC0-301F-11D3-BF4B-00C04F79EFBC}") = "IteraciónC#", "IteraciónC#\IteraciónC#.csproj", "{B9F8238C-6955-40B5-B54C-02575CBB52D4}"
EndProject
Global
	GlobalSection(SolutionConfigurationPlatforms) = preSolution
		Debug|Any CPU = Debug|Any CPU
		Release|Any CPU = Release|Any CPU
	EndGlobalSection
	GlobalSection(ProjectConfigurationPlatforms) = postSolution
		{B9F8238C-6955-40B5-B54C-02575CBB52D4}.Debug|Any CPU.ActiveCfg = Debug|Any CPU
		{B9F8238C-6955-40B5-B54C-02575CBB52D4}.Debug|Any CPU.Build.0 = Debug|Any CPU
		{B9F8238C-6955-40B5-B54C-02575CBB52D4}.Release|Any CPU.ActiveCfg = Release|Any CPU
		{B9F8238C-6955-40B5-B54C-02575CBB52D4}.Release|Any CPU.Build.0 = Release|Any CPU
	EndGlobalSection
	GlobalSection(SolutionProperties) = preSolution
		HideSolutionNode = FALSE
	EndGlobalSection
	GlobalSection(ExtensibilityGlobals) = postSolution
		SolutionGuid = {0DAD53EE-C2E9-484B-92D0-878FD679C4A7}
	EndGlobalSection
EndGlobal
